
Microsoft Visual Studio Solution File, Format Version 12.00
# Visual Studio Version 17
VisualStudioVersion = 17.14.36109.1 d17.14
MinimumVisualStudioVersion = 10.0.40219.1
Project("{2150E333-8FDC-42A3-9474-1A3956D46DE8}") = "BuildingBlocks", "BuildingBlocks", "{02EA681E-C7D8-13C7-8484-4AC65E1B71E8}"
EndProject
Project("{2150E333-8FDC-42A3-9474-1A3956D46DE8}") = "Common", "Common", "{21865E5F-5BB2-4442-BD07-67401341B288}"
EndProject
Project("{2150E333-8FDC-42A3-9474-1A3956D46DE8}") = "Contracts", "Contracts", "{7F7616F7-7649-403E-89AE-890C88ED050E}"
EndProject
Project("{2150E333-8FDC-42A3-9474-1A3956D46DE8}") = "Services", "Services", "{4BB206DA-849E-4649-A9B0-2B6DC6F8F168}"
EndProject
Project("{2150E333-8FDC-42A3-9474-1A3956D46DE8}") = "Flight", "Flight", "{3E7B7547-2EFC-449E-8699-A8A155D9CE21}"
EndProject
Project("{2150E333-8FDC-42A3-9474-1A3956D46DE8}") = "Booking", "Booking", "{E5D5F98D-0373-41B0-99CF-487586F8734A}"
EndProject
Project("{2150E333-8FDC-42A3-9474-1A3956D46DE8}") = "Payment", "Payment", "{D1DF2C16-50FE-4CC5-9B95-6AB86E552EF7}"
EndProject
Project("{2150E333-8FDC-42A3-9474-1A3956D46DE8}") = "Notification", "Notification", "{D2689DE6-83BC-4706-A70E-D4987EF0425E}"
EndProject
Global
	GlobalSection(SolutionProperties) = preSolution
		HideSolutionNode = FALSE
	EndGlobalSection
	GlobalSection(NestedProjects) = preSolution
		{21865E5F-5BB2-4442-BD07-67401341B288} = {02EA681E-C7D8-13C7-8484-4AC65E1B71E8}
		{7F7616F7-7649-403E-89AE-890C88ED050E} = {02EA681E-C7D8-13C7-8484-4AC65E1B71E8}
		{3E7B7547-2EFC-449E-8699-A8A155D9CE21} = {4BB206DA-849E-4649-A9B0-2B6DC6F8F168}
		{E5D5F98D-0373-41B0-99CF-487586F8734A} = {4BB206DA-849E-4649-A9B0-2B6DC6F8F168}
		{D1DF2C16-50FE-4CC5-9B95-6AB86E552EF7} = {4BB206DA-849E-4649-A9B0-2B6DC6F8F168}
		{D2689DE6-83BC-4706-A70E-D4987EF0425E} = {4BB206DA-849E-4649-A9B0-2B6DC6F8F168}
	EndGlobalSection
	GlobalSection(ExtensibilityGlobals) = postSolution
		SolutionGuid = {B655DC77-42CE-444C-8F2C-C197E658D758}
	EndGlobalSection
EndGlobal
